<Solution>
  <Folder Name="/src/">
    <Project Path="src\FilePathOnDocument\FilePathOnDocument.csproj">
      <Deploy Solution="Debug|*" />
    </Project>
  </Folder>
  <Folder Name="/tests/">
    <Project Path="tests\FilePathOnDocument.Tests\FilePathOnDocument.Tests.csproj" />
  </Folder>
</Solution>
